{
  "schema_version": 1,
  "cargo_lock_sha256": "aac04180f630c0a0177c2c85df4082cafc303198784ea27c00168aac7ae3d387",
  "target_resolves": {
    "base": {
      "blobby-0.4.0": {
        "runtime_dependencies": [],
        "build_dependencies": [],
        "features": []
      },
      "block-buffer-0.12.0": {
        "runtime_dependencies": [
          {
            "name": "hybrid_array",
            "package_key": "hybrid-array-0.4.12",
            "kind": "normal",
            "features": [],
            "uses_default_features": true,
            "optional": false,
            "target": null,
            "tree": "target"
          }
        ],
        "build_dependencies": [],
        "features": []
      },
      "cfg-if-1.0.4": {
        "runtime_dependencies": [],
        "build_dependencies": [],
        "features": []
      },
      "const-oid-0.10.2": {
        "runtime_dependencies": [],
        "build_dependencies": [],
        "features": []
      },
      "crypto-common-0.2.2": {
        "runtime_dependencies": [
          {
            "name": "hybrid_array",
            "package_key": "hybrid-array-0.4.12",
            "kind": "normal",
            "features": [],
            "uses_default_features": true,
            "optional": false,
            "target": null,
            "tree": "target"
          }
        ],
        "build_dependencies": [],
        "features": []
      },
      "digest-0.11.3": {
        "runtime_dependencies": [
          {
            "name": "blobby",
            "package_key": "blobby-0.4.0",
            "kind": "normal",
            "features": [],
            "uses_default_features": true,
            "optional": true,
            "target": null,
            "tree": "target"
          },
          {
            "name": "block_buffer",
            "package_key": "block-buffer-0.12.0",
            "kind": "normal",
            "features": [],
            "uses_default_features": true,
            "optional": false,
            "target": null,
            "tree": "target"
          },
          {
            "name": "const_oid",
            "package_key": "const-oid-0.10.2",
            "kind": "normal",
            "features": [],
            "uses_default_features": true,
            "optional": false,
            "target": null,
            "tree": "target"
          },
          {
            "name": "common",
            "package_key": "crypto-common-0.2.2",
            "kind": "normal",
            "features": [],
            "uses_default_features": true,
            "optional": false,
            "target": null,
            "tree": "target"
          }
        ],
        "build_dependencies": [],
        "features": [
          "alloc",
          "blobby",
          "block-api",
          "default",
          "dev",
          "oid"
        ]
      },
      "hex-literal-1.1.0": {
        "runtime_dependencies": [],
        "build_dependencies": [],
        "features": []
      },
      "hybrid-array-0.4.12": {
        "runtime_dependencies": [
          {
            "name": "typenum",
            "package_key": "typenum-1.20.0",
            "kind": "normal",
            "features": [
              "const-generics"
            ],
            "uses_default_features": true,
            "optional": false,
            "target": null,
            "tree": "target"
          }
        ],
        "build_dependencies": [],
        "features": []
      },
      "sha2-0.11.1": {
        "runtime_dependencies": [
          {
            "name": "cfg_if",
            "package_key": "cfg-if-1.0.4",
            "kind": "normal",
            "features": [],
            "uses_default_features": true,
            "optional": false,
            "target": null,
            "tree": "target"
          },
          {
            "name": "cpufeatures",
            "package_key": "cpufeatures-0.3.0",
            "kind": "normal",
            "features": [],
            "uses_default_features": true,
            "optional": false,
            "target": "cfg(any(target_arch = \"aarch64\", target_arch = \"x86_64\", target_arch = \"x86\"))",
            "tree": "target"
          },
          {
            "name": "digest",
            "package_key": "digest-0.11.3",
            "kind": "normal",
            "features": [],
            "uses_default_features": true,
            "optional": false,
            "target": null,
            "tree": "target"
          }
        ],
        "build_dependencies": [],
        "features": [
          "alloc",
          "default",
          "oid"
        ]
      },
      "typenum-1.20.0": {
        "runtime_dependencies": [],
        "build_dependencies": [],
        "features": [
          "const-generics"
        ]
      }
    },
    "targets": {
      "aarch64-apple-darwin": {
        "overrides": {
          "cpufeatures-0.3.0": {
            "runtime_dependencies": [
              {
                "name": "libc",
                "package_key": "libc-0.2.186",
                "kind": "normal",
                "features": [],
                "uses_default_features": false,
                "optional": false,
                "target": "cfg(all(target_arch = \"aarch64\", target_os = \"android\"))",
                "tree": "target"
              },
              {
                "name": "libc",
                "package_key": "libc-0.2.186",
                "kind": "normal",
                "features": [],
                "uses_default_features": false,
                "optional": false,
                "target": "cfg(all(target_arch = \"aarch64\", target_os = \"linux\"))",
                "tree": "target"
              },
              {
                "name": "libc",
                "package_key": "libc-0.2.186",
                "kind": "normal",
                "features": [],
                "uses_default_features": false,
                "optional": false,
                "target": "cfg(all(target_arch = \"aarch64\", target_vendor = \"apple\"))",
                "tree": "target"
              },
              {
                "name": "libc",
                "package_key": "libc-0.2.186",
                "kind": "normal",
                "features": [],
                "uses_default_features": false,
                "optional": false,
                "target": "cfg(all(target_arch = \"loongarch64\", target_os = \"linux\"))",
                "tree": "target"
              }
            ],
            "build_dependencies": [],
            "features": []
          },
          "libc-0.2.186": {
            "runtime_dependencies": [],
            "build_dependencies": [],
            "features": []
          }
        }
      },
      "x86_64-apple-darwin": {
        "overrides": {
          "cpufeatures-0.3.0": {
            "runtime_dependencies": [],
            "build_dependencies": [],
            "features": []
          }
        }
      },
      "x86_64-unknown-linux-gnu": {
        "overrides": {
          "cpufeatures-0.3.0": {
            "runtime_dependencies": [],
            "build_dependencies": [],
            "features": []
          }
        }
      },
      "x86_64-unknown-linux-musl": {
        "overrides": {
          "cpufeatures-0.3.0": {
            "runtime_dependencies": [],
            "build_dependencies": [],
            "features": []
          }
        }
      },
      "aarch64-unknown-linux-gnu": {
        "overrides": {
          "cpufeatures-0.3.0": {
            "runtime_dependencies": [
              {
                "name": "libc",
                "package_key": "libc-0.2.186",
                "kind": "normal",
                "features": [],
                "uses_default_features": false,
                "optional": false,
                "target": "cfg(all(target_arch = \"aarch64\", target_os = \"android\"))",
                "tree": "target"
              },
              {
                "name": "libc",
                "package_key": "libc-0.2.186",
                "kind": "normal",
                "features": [],
                "uses_default_features": false,
                "optional": false,
                "target": "cfg(all(target_arch = \"aarch64\", target_os = \"linux\"))",
                "tree": "target"
              },
              {
                "name": "libc",
                "package_key": "libc-0.2.186",
                "kind": "normal",
                "features": [],
                "uses_default_features": false,
                "optional": false,
                "target": "cfg(all(target_arch = \"aarch64\", target_vendor = \"apple\"))",
                "tree": "target"
              },
              {
                "name": "libc",
                "package_key": "libc-0.2.186",
                "kind": "normal",
                "features": [],
                "uses_default_features": false,
                "optional": false,
                "target": "cfg(all(target_arch = \"loongarch64\", target_os = \"linux\"))",
                "tree": "target"
              }
            ],
            "build_dependencies": [],
            "features": []
          },
          "libc-0.2.186": {
            "runtime_dependencies": [],
            "build_dependencies": [],
            "features": []
          }
        }
      },
      "aarch64-unknown-linux-musl": {
        "overrides": {
          "cpufeatures-0.3.0": {
            "runtime_dependencies": [
              {
                "name": "libc",
                "package_key": "libc-0.2.186",
                "kind": "normal",
                "features": [],
                "uses_default_features": false,
                "optional": false,
                "target": "cfg(all(target_arch = \"aarch64\", target_os = \"android\"))",
                "tree": "target"
              },
              {
                "name": "libc",
                "package_key": "libc-0.2.186",
                "kind": "normal",
                "features": [],
                "uses_default_features": false,
                "optional": false,
                "target": "cfg(all(target_arch = \"aarch64\", target_os = \"linux\"))",
                "tree": "target"
              },
              {
                "name": "libc",
                "package_key": "libc-0.2.186",
                "kind": "normal",
                "features": [],
                "uses_default_features": false,
                "optional": false,
                "target": "cfg(all(target_arch = \"aarch64\", target_vendor = \"apple\"))",
                "tree": "target"
              },
              {
                "name": "libc",
                "package_key": "libc-0.2.186",
                "kind": "normal",
                "features": [],
                "uses_default_features": false,
                "optional": false,
                "target": "cfg(all(target_arch = \"loongarch64\", target_os = \"linux\"))",
                "tree": "target"
              }
            ],
            "build_dependencies": [],
            "features": []
          },
          "libc-0.2.186": {
            "runtime_dependencies": [],
            "build_dependencies": [],
            "features": []
          }
        }
      }
    }
  },
  "per_crate": {
    "blobby-0.4.0": {
      "edition": "2024",
      "binaries": [
        {
          "name": "decode",
          "path": "src/bin/decode.rs"
        },
        {
          "name": "encode",
          "path": "src/bin/encode.rs"
        }
      ]
    },
    "block-buffer-0.12.0": {
      "edition": "2024"
    },
    "cfg-if-1.0.4": {
      "edition": "2018"
    },
    "const-oid-0.10.2": {
      "edition": "2024"
    },
    "cpufeatures-0.3.0": {
      "edition": "2024"
    },
    "crypto-common-0.2.2": {
      "edition": "2024"
    },
    "digest-0.11.3": {
      "edition": "2024"
    },
    "hex-literal-1.1.0": {
      "edition": "2024"
    },
    "hybrid-array-0.4.12": {
      "edition": "2024"
    },
    "libc-0.2.186": {
      "edition": "2021",
      "build_script": "build.rs"
    },
    "sha2-0.11.1": {
      "edition": "2024",
      "lib_target": {
        "name": "sha2",
        "path": "src/lib.rs"
      }
    },
    "typenum-1.20.0": {
      "edition": "2018"
    }
  },
  "git_nar_sha256": {},
  "flake_metadata": {}
}
